// !$*UTF8*$!
{
	archiveVersion = 1;
	classes = {
	};
	objectVersion = 46;
	objects = {

/* Begin PBXBuildFile section */
		824EB8FB1F54F6EB00DB1865 /* main.cpp in Sources */ = {isa = PBXBuildFile; fileRef = 824EB8FA1F54F6EB00DB1865 /* main.cpp */; };
		824EB9091F54F79E00DB1865 /* Net.cpp in Sources */ = {isa = PBXBuildFile; fileRef = 824EB9051F54F79E00DB1865 /* Net.cpp */; };
		824EB9331F55200100DB1865 /* FullConnectionLayer.cpp in Sources */ = {isa = PBXBuildFile; fileRef = 824EB9271F55200100DB1865 /* FullConnectionLayer.cpp */; };
		824EB9341F55200100DB1865 /* Layer.cpp in Sources */ = {isa = PBXBuildFile; fileRef = 824EB9291F55200100DB1865 /* Layer.cpp */; };
		824EB9361F55200100DB1865 /* OutputLayer.cpp in Sources */ = {isa = PBXBuildFile; fileRef = 824EB92D1F55200100DB1865 /* OutputLayer.cpp */; };
		824EB93E1F55207900DB1865 /* ReluLayer.cpp in Sources */ = {isa = PBXBuildFile; fileRef = 824EB93A1F55207900DB1865 /* ReluLayer.cpp */; };
		824EB93F1F55207900DB1865 /* SigmoidLayer.cpp in Sources */ = {isa = PBXBuildFile; fileRef = 824EB93C1F55207900DB1865 /* SigmoidLayer.cpp */; };
/* End PBXBuildFile section */

/* Begin PBXCopyFilesBuildPhase section */
		824EB8F51F54F6EB00DB1865 /* Copy Files */ = {
			isa = PBXCopyFilesBuildPhase;
			buildActionMask = 2147483647;
			dstPath = /usr/share/man/man1/;
			dstSubfolderSpec = 0;
			files = (
			);
			name = "Copy Files";
			runOnlyForDeploymentPostprocessing = 1;
		};
/* End PBXCopyFilesBuildPhase section */

/* Begin PBXFileReference section */
		824EB8F71F54F6EB00DB1865 /* simNeural */ = {isa = PBXFileReference; explicitFileType = "compiled.mach-o.executable"; includeInIndex = 0; path = simNeural; sourceTree = BUILT_PRODUCTS_DIR; };
		824EB8FA1F54F6EB00DB1865 /* main.cpp */ = {isa = PBXFileReference; lastKnownFileType = sourcecode.cpp.cpp; path = main.cpp; sourceTree = "<group>"; };
		824EB9021F54F79E00DB1865 /* CNNet */ = {isa = PBXFileReference; lastKnownFileType = folder; name = CNNet; path = ../../CNNet; sourceTree = "<group>"; };
		824EB9031F54F79E00DB1865 /* DebugTool.h */ = {isa = PBXFileReference; fileEncoding = 4; lastKnownFileType = sourcecode.c.h; name = DebugTool.h; path = ../../DebugTool.h; sourceTree = "<group>"; };
		824EB9051F54F79E00DB1865 /* Net.cpp */ = {isa = PBXFileReference; fileEncoding = 4; lastKnownFileType = sourcecode.cpp.cpp; name = Net.cpp; path = ../../Net.cpp; sourceTree = "<group>"; };
		824EB9061F54F79E00DB1865 /* Net.hpp */ = {isa = PBXFileReference; fileEncoding = 4; lastKnownFileType = sourcecode.cpp.h; name = Net.hpp; path = ../../Net.hpp; sourceTree = "<group>"; };
		824EB9071F54F79E00DB1865 /* Neural_Algorithms.h */ = {isa = PBXFileReference; fileEncoding = 4; lastKnownFileType = sourcecode.c.h; name = Neural_Algorithms.h; path = ../../Neural_Algorithms.h; sourceTree = "<group>"; };
		824EB9081F54F79E00DB1865 /* preDefine.h */ = {isa = PBXFileReference; fileEncoding = 4; lastKnownFileType = sourcecode.c.h; name = preDefine.h; path = ../../preDefine.h; sourceTree = "<group>"; };
		824EB9231F55200100DB1865 /* ConvolutionalLayer.cpp */ = {isa = PBXFileReference; fileEncoding = 4; lastKnownFileType = sourcecode.cpp.cpp; name = ConvolutionalLayer.cpp; path = ../../Layer/ConvolutionalLayer.cpp; sourceTree = "<group>"; };
		824EB9241F55200100DB1865 /* ConvolutionalLayer.hpp */ = {isa = PBXFileReference; fileEncoding = 4; lastKnownFileType = sourcecode.cpp.h; name = ConvolutionalLayer.hpp; path = ../../Layer/ConvolutionalLayer.hpp; sourceTree = "<group>"; };
		824EB9251F55200100DB1865 /* DataToFullLayer.cpp */ = {isa = PBXFileReference; fileEncoding = 4; lastKnownFileType = sourcecode.cpp.cpp; name = DataToFullLayer.cpp; path = ../../Layer/DataToFullLayer.cpp; sourceTree = "<group>"; };
		824EB9261F55200100DB1865 /* DataToFullLayer.hpp */ = {isa = PBXFileReference; fileEncoding = 4; lastKnownFileType = sourcecode.cpp.h; name = DataToFullLayer.hpp; path = ../../Layer/DataToFullLayer.hpp; sourceTree = "<group>"; };
		824EB9271F55200100DB1865 /* FullConnectionLayer.cpp */ = {isa = PBXFileReference; fileEncoding = 4; lastKnownFileType = sourcecode.cpp.cpp; name = FullConnectionLayer.cpp; path = ../../Layer/FullConnectionLayer.cpp; sourceTree = "<group>"; };
		824EB9281F55200100DB1865 /* FullConnectionLayer.hpp */ = {isa = PBXFileReference; fileEncoding = 4; lastKnownFileType = sourcecode.cpp.h; name = FullConnectionLayer.hpp; path = ../../Layer/FullConnectionLayer.hpp; sourceTree = "<group>"; };
		824EB9291F55200100DB1865 /* Layer.cpp */ = {isa = PBXFileReference; fileEncoding = 4; lastKnownFileType = sourcecode.cpp.cpp; name = Layer.cpp; path = ../../Layer/Layer.cpp; sourceTree = "<group>"; };
		824EB92A1F55200100DB1865 /* Layer.hpp */ = {isa = PBXFileReference; fileEncoding = 4; lastKnownFileType = sourcecode.cpp.h; name = Layer.hpp; path = ../../Layer/Layer.hpp; sourceTree = "<group>"; };
		824EB92B1F55200100DB1865 /* MeanPoolingLayer.cpp */ = {isa = PBXFileReference; fileEncoding = 4; lastKnownFileType = sourcecode.cpp.cpp; name = MeanPoolingLayer.cpp; path = ../../Layer/MeanPoolingLayer.cpp; sourceTree = "<group>"; };
		824EB92C1F55200100DB1865 /* MeanPoolingLayer.hpp */ = {isa = PBXFileReference; fileEncoding = 4; lastKnownFileType = sourcecode.cpp.h; name = MeanPoolingLayer.hpp; path = ../../Layer/MeanPoolingLayer.hpp; sourceTree = "<group>"; };
		824EB92D1F55200100DB1865 /* OutputLayer.cpp */ = {isa = PBXFileReference; fileEncoding = 4; lastKnownFileType = sourcecode.cpp.cpp; name = OutputLayer.cpp; path = ../../Layer/OutputLayer.cpp; sourceTree = "<group>"; };
		824EB92E1F55200100DB1865 /* OutputLayer.hpp */ = {isa = PBXFileReference; fileEncoding = 4; lastKnownFileType = sourcecode.cpp.h; name = OutputLayer.hpp; path = ../../Layer/OutputLayer.hpp; sourceTree = "<group>"; };
		824EB92F1F55200100DB1865 /* PoolingLayer.cpp */ = {isa = PBXFileReference; fileEncoding = 4; lastKnownFileType = sourcecode.cpp.cpp; name = PoolingLayer.cpp; path = ../../Layer/PoolingLayer.cpp; sourceTree = "<group>"; };
		824EB9301F55200100DB1865 /* PoolingLayer.hpp */ = {isa = PBXFileReference; fileEncoding = 4; lastKnownFileType = sourcecode.cpp.h; name = PoolingLayer.hpp; path = ../../Layer/PoolingLayer.hpp; sourceTree = "<group>"; };
		824EB93A1F55207900DB1865 /* ReluLayer.cpp */ = {isa = PBXFileReference; fileEncoding = 4; lastKnownFileType = sourcecode.cpp.cpp; name = ReluLayer.cpp; path = ../../ActivateLayer/ReluLayer.cpp; sourceTree = "<group>"; };
		824EB93B1F55207900DB1865 /* ReluLayer.hpp */ = {isa = PBXFileReference; fileEncoding = 4; lastKnownFileType = sourcecode.cpp.h; name = ReluLayer.hpp; path = ../../ActivateLayer/ReluLayer.hpp; sourceTree = "<group>"; };
		824EB93C1F55207900DB1865 /* SigmoidLayer.cpp */ = {isa = PBXFileReference; fileEncoding = 4; lastKnownFileType = sourcecode.cpp.cpp; name = SigmoidLayer.cpp; path = ../../ActivateLayer/SigmoidLayer.cpp; sourceTree = "<group>"; };
		824EB93D1F55207900DB1865 /* SigmoidLayer.hpp */ = {isa = PBXFileReference; fileEncoding = 4; lastKnownFileType = sourcecode.cpp.h; name = SigmoidLayer.hpp; path = ../../ActivateLayer/SigmoidLayer.hpp; sourceTree = "<group>"; };
/* End PBXFileReference section */

/* Begin PBXFrameworksBuildPhase section */
		824EB8F41F54F6EB00DB1865 /* Frameworks */ = {
			isa = PBXFrameworksBuildPhase;
			buildActionMask = 2147483647;
			files = (
			);
			runOnlyForDeploymentPostprocessing = 0;
		};
/* End PBXFrameworksBuildPhase section */

/* Begin PBXGroup section */
		824EB8EE1F54F6EB00DB1865 = {
			isa = PBXGroup;
			children = (
				824EB8F91F54F6EB00DB1865 /* simNeural */,
				824EB8F81F54F6EB00DB1865 /* Products */,
			);
			sourceTree = "<group>";
		};
		824EB8F81F54F6EB00DB1865 /* Products */ = {
			isa = PBXGroup;
			children = (
				824EB8F71F54F6EB00DB1865 /* simNeural */,
			);
			name = Products;
			sourceTree = "<group>";
		};
		824EB8F91F54F6EB00DB1865 /* simNeural */ = {
			isa = PBXGroup;
			children = (
				824EB9391F55206500DB1865 /* ActivateLayer */,
				824EB9381F55200D00DB1865 /* Layer */,
				824EB8FA1F54F6EB00DB1865 /* main.cpp */,
				824EB9021F54F79E00DB1865 /* CNNet */,
				824EB9031F54F79E00DB1865 /* DebugTool.h */,
				824EB9051F54F79E00DB1865 /* Net.cpp */,
				824EB9061F54F79E00DB1865 /* Net.hpp */,
				824EB9071F54F79E00DB1865 /* Neural_Algorithms.h */,
				824EB9081F54F79E00DB1865 /* preDefine.h */,
			);
			path = simNeural;
			sourceTree = "<group>";
		};
		824EB9381F55200D00DB1865 /* Layer */ = {
			isa = PBXGroup;
			children = (
				824EB9231F55200100DB1865 /* ConvolutionalLayer.cpp */,
				824EB9241F55200100DB1865 /* ConvolutionalLayer.hpp */,
				824EB9251F55200100DB1865 /* DataToFullLayer.cpp */,
				824EB9261F55200100DB1865 /* DataToFullLayer.hpp */,
				824EB9271F55200100DB1865 /* FullConnectionLayer.cpp */,
				824EB9281F55200100DB1865 /* FullConnectionLayer.hpp */,
				824EB9291F55200100DB1865 /* Layer.cpp */,
				824EB92A1F55200100DB1865 /* Layer.hpp */,
				824EB92B1F55200100DB1865 /* MeanPoolingLayer.cpp */,
				824EB92C1F55200100DB1865 /* MeanPoolingLayer.hpp */,
				824EB92D1F55200100DB1865 /* OutputLayer.cpp */,
				824EB92E1F55200100DB1865 /* OutputLayer.hpp */,
				824EB92F1F55200100DB1865 /* PoolingLayer.cpp */,
				824EB9301F55200100DB1865 /* PoolingLayer.hpp */,
			);
			name = Layer;
			sourceTree = "<group>";
		};
		824EB9391F55206500DB1865 /* ActivateLayer */ = {
			isa = PBXGroup;
			children = (
				824EB93A1F55207900DB1865 /* ReluLayer.cpp */,
				824EB93B1F55207900DB1865 /* ReluLayer.hpp */,
				824EB93C1F55207900DB1865 /* SigmoidLayer.cpp */,
				824EB93D1F55207900DB1865 /* SigmoidLayer.hpp */,
			);
			name = ActivateLayer;
			sourceTree = "<group>";
		};
/* End PBXGroup section */

/* Begin PBXNativeTarget section */
		824EB8F61F54F6EB00DB1865 /* simNeural */ = {
			isa = PBXNativeTarget;
			buildConfigurationList = 824EB8FE1F54F6EB00DB1865 /* Build configuration list for PBXNativeTarget "simNeural" */;
			buildPhases = (
				824EB8F31F54F6EB00DB1865 /* Sources */,
				824EB8F41F54F6EB00DB1865 /* Frameworks */,
				824EB8F51F54F6EB00DB1865 /* Copy Files */,
			);
			buildRules = (
			);
			dependencies = (
			);
			name = simNeural;
			productName = simNeural;
			productReference = 824EB8F71F54F6EB00DB1865 /* simNeural */;
			productType = "com.apple.product-type.tool";
		};
/* End PBXNativeTarget section */

/* Begin PBXProject section */
		824EB8EF1F54F6EB00DB1865 /* Project object */ = {
			isa = PBXProject;
			attributes = {
				LastUpgradeCheck = 0830;
				ORGANIZATIONNAME = XiaohangSu;
				TargetAttributes = {
					824EB8F61F54F6EB00DB1865 = {
						CreatedOnToolsVersion = 8.3.3;
						DevelopmentTeam = 55V2EP36R3;
						ProvisioningStyle = Automatic;
					};
				};
			};
			buildConfigurationList = 824EB8F21F54F6EB00DB1865 /* Build configuration list for PBXProject "simNeural" */;
			compatibilityVersion = "Xcode 3.2";
			developmentRegion = English;
			hasScannedForEncodings = 0;
			knownRegions = (
				en,
			);
			mainGroup = 824EB8EE1F54F6EB00DB1865;
			productRefGroup = 824EB8F81F54F6EB00DB1865 /* Products */;
			projectDirPath = "";
			projectRoot = "";
			targets = (
				824EB8F61F54F6EB00DB1865 /* simNeural */,
			);
		};
/* End PBXProject section */

/* Begin PBXSourcesBuildPhase section */
		824EB8F31F54F6EB00DB1865 /* Sources */ = {
			isa = PBXSourcesBuildPhase;
			buildActionMask = 2147483647;
			files = (
				824EB93E1F55207900DB1865 /* ReluLayer.cpp in Sources */,
				824EB93F1F55207900DB1865 /* SigmoidLayer.cpp in Sources */,
				824EB8FB1F54F6EB00DB1865 /* main.cpp in Sources */,
				824EB9341F55200100DB1865 /* Layer.cpp in Sources */,
				824EB9331F55200100DB1865 /* FullConnectionLayer.cpp in Sources */,
				824EB9361F55200100DB1865 /* OutputLayer.cpp in Sources */,
				824EB9091F54F79E00DB1865 /* Net.cpp in Sources */,
			);
			runOnlyForDeploymentPostprocessing = 0;
		};
/* End PBXSourcesBuildPhase section */

/* Begin XCBuildConfiguration section */
		824EB8FC1F54F6EB00DB1865 /* Debug */ = {
			isa = XCBuildConfiguration;
			buildSettings = {
				ALWAYS_SEARCH_USER_PATHS = NO;
				CLANG_ANALYZER_NONNULL = YES;
				CLANG_ANALYZER_NUMBER_OBJECT_CONVERSION = YES_AGGRESSIVE;
				CLANG_CXX_LANGUAGE_STANDARD = "gnu++0x";
				CLANG_CXX_LIBRARY = "libc++";
				CLANG_ENABLE_MODULES = YES;
				CLANG_ENABLE_OBJC_ARC = YES;
				CLANG_WARN_BOOL_CONVERSION = YES;
				CLANG_WARN_CONSTANT_CONVERSION = YES;
				CLANG_WARN_DIRECT_OBJC_ISA_USAGE = YES_ERROR;
				CLANG_WARN_DOCUMENTATION_COMMENTS = YES;
				CLANG_WARN_EMPTY_BODY = YES;
				CLANG_WARN_ENUM_CONVERSION = YES;
				CLANG_WARN_INFINITE_RECURSION = YES;
				CLANG_WARN_INT_CONVERSION = YES;
				CLANG_WARN_OBJC_ROOT_CLASS = YES_ERROR;
				CLANG_WARN_SUSPICIOUS_MOVE = YES;
				CLANG_WARN_UNREACHABLE_CODE = YES;
				CLANG_WARN__DUPLICATE_METHOD_MATCH = YES;
				CODE_SIGN_IDENTITY = "-";
				COPY_PHASE_STRIP = NO;
				DEBUG_INFORMATION_FORMAT = dwarf;
				ENABLE_STRICT_OBJC_MSGSEND = YES;
				ENABLE_TESTABILITY = YES;
				GCC_C_LANGUAGE_STANDARD = gnu99;
				GCC_DYNAMIC_NO_PIC = NO;
				GCC_NO_COMMON_BLOCKS = YES;
				GCC_OPTIMIZATION_LEVEL = 0;
				GCC_PREPROCESSOR_DEFINITIONS = (
					"DEBUG=1",
					"$(inherited)",
				);
				GCC_WARN_64_TO_32_BIT_CONVERSION = YES;
				GCC_WARN_ABOUT_RETURN_TYPE = YES_ERROR;
				GCC_WARN_UNDECLARED_SELECTOR = YES;
				GCC_WARN_UNINITIALIZED_AUTOS = YES_AGGRESSIVE;
				GCC_WARN_UNUSED_FUNCTION = YES;
				GCC_WARN_UNUSED_VARIABLE = YES;
				MACOSX_DEPLOYMENT_TARGET = 10.12;
				MTL_ENABLE_DEBUG_INFO = YES;
				ONLY_ACTIVE_ARCH = YES;
				SDKROOT = macosx;
			};
			name = Debug;
		};
		824EB8FD1F54F6EB00DB1865 /* Release */ = {
			isa = XCBuildConfiguration;
			buildSettings = {
				ALWAYS_SEARCH_USER_PATHS = NO;
				CLANG_ANALYZER_NONNULL = YES;
				CLANG_ANALYZER_NUMBER_OBJECT_CONVERSION = YES_AGGRESSIVE;
				CLANG_CXX_LANGUAGE_STANDARD = "gnu++0x";
				CLANG_CXX_LIBRARY = "libc++";
				CLANG_ENABLE_MODULES = YES;
				CLANG_ENABLE_OBJC_ARC = YES;
				CLANG_WARN_BOOL_CONVERSION = YES;
				CLANG_WARN_CONSTANT_CONVERSION = YES;
				CLANG_WARN_DIRECT_OBJC_ISA_USAGE = YES_ERROR;
				CLANG_WARN_DOCUMENTATION_COMMENTS = YES;
				CLANG_WARN_EMPTY_BODY = YES;
				CLANG_WARN_ENUM_CONVERSION = YES;
				CLANG_WARN_INFINITE_RECURSION = YES;
				CLANG_WARN_INT_CONVERSION = YES;
				CLANG_WARN_OBJC_ROOT_CLASS = YES_ERROR;
				CLANG_WARN_SUSPICIOUS_MOVE = YES;
				CLANG_WARN_UNREACHABLE_CODE = YES;
				CLANG_WARN__DUPLICATE_METHOD_MATCH = YES;
				CODE_SIGN_IDENTITY = "-";
				COPY_PHASE_STRIP = NO;
				DEBUG_INFORMATION_FORMAT = "dwarf-with-dsym";
				ENABLE_NS_ASSERTIONS = NO;
				ENABLE_STRICT_OBJC_MSGSEND = YES;
				GCC_C_LANGUAGE_STANDARD = gnu99;
				GCC_NO_COMMON_BLOCKS = YES;
				GCC_WARN_64_TO_32_BIT_CONVERSION = YES;
				GCC_WARN_ABOUT_RETURN_TYPE = YES_ERROR;
				GCC_WARN_UNDECLARED_SELECTOR = YES;
				GCC_WARN_UNINITIALIZED_AUTOS = YES_AGGRESSIVE;
				GCC_WARN_UNUSED_FUNCTION = YES;
				GCC_WARN_UNUSED_VARIABLE = YES;
				MACOSX_DEPLOYMENT_TARGET = 10.12;
				MTL_ENABLE_DEBUG_INFO = NO;
				SDKROOT = macosx;
			};
			name = Release;
		};
		824EB8FF1F54F6EB00DB1865 /* Debug */ = {
			isa = XCBuildConfiguration;
			buildSettings = {
				DEVELOPMENT_TEAM = 55V2EP36R3;
				HEADER_SEARCH_PATHS = /usr/local/include/eigen3/;
				PRODUCT_NAME = "$(TARGET_NAME)";
			};
			name = Debug;
		};
		824EB9001F54F6EB00DB1865 /* Release */ = {
			isa = XCBuildConfiguration;
			buildSettings = {
				DEVELOPMENT_TEAM = 55V2EP36R3;
				HEADER_SEARCH_PATHS = /usr/local/include/eigen3/;
				PRODUCT_NAME = "$(TARGET_NAME)";
			};
			name = Release;
		};
/* End XCBuildConfiguration section */

/* Begin XCConfigurationList section */
		824EB8F21F54F6EB00DB1865 /* Build configuration list for PBXProject "simNeural" */ = {
			isa = XCConfigurationList;
			buildConfigurations = (
				824EB8FC1F54F6EB00DB1865 /* Debug */,
				824EB8FD1F54F6EB00DB1865 /* Release */,
			);
			defaultConfigurationIsVisible = 0;
			defaultConfigurationName = Release;
		};
		824EB8FE1F54F6EB00DB1865 /* Build configuration list for PBXNativeTarget "simNeural" */ = {
			isa = XCConfigurationList;
			buildConfigurations = (
				824EB8FF1F54F6EB00DB1865 /* Debug */,
				824EB9001F54F6EB00DB1865 /* Release */,
			);
			defaultConfigurationIsVisible = 0;
			defaultConfigurationName = Release;
		};
/* End XCConfigurationList section */
	};
	rootObject = 824EB8EF1F54F6EB00DB1865 /* Project object */;
}
